
Microsoft Visual Studio Solution File, Format Version 12.00
# Visual Studio Version 16
VisualStudioVersion = 16.0.32126.315
MinimumVisualStudioVersion = 10.0.40219.1
Project("{FAE04EC0-301F-11D3-BF4B-00C04F79EFBC}") = "Bai2", "Bai2\Bai2.csproj", "{70D083D4-0A1E-4BA2-832E-FA8E974DCB01}"
EndProject
Global
	GlobalSection(SolutionConfigurationPlatforms) = preSolution
		Debug|Any CPU = Debug|Any CPU
		Release|Any CPU = Release|Any CPU
	EndGlobalSection
	GlobalSection(ProjectConfigurationPlatforms) = postSolution
		{70D083D4-0A1E-4BA2-832E-FA8E974DCB01}.Debug|Any CPU.ActiveCfg = Debug|Any CPU
		{70D083D4-0A1E-4BA2-832E-FA8E974DCB01}.Debug|Any CPU.Build.0 = Debug|Any CPU
		{70D083D4-0A1E-4BA2-832E-FA8E974DCB01}.Release|Any CPU.ActiveCfg = Release|Any CPU
		{70D083D4-0A1E-4BA2-832E-FA8E974DCB01}.Release|Any CPU.Build.0 = Release|Any CPU
	EndGlobalSection
	GlobalSection(SolutionProperties) = preSolution
		HideSolutionNode = FALSE
	EndGlobalSection
	GlobalSection(ExtensibilityGlobals) = postSolution
		SolutionGuid = {C5AD80CE-A700-45F1-8217-F00274C7F99B}
	EndGlobalSection
EndGlobal
