
Microsoft Visual Studio Solution File, Format Version 12.00
# Visual Studio Version 16
VisualStudioVersion = 16.0.32126.315
MinimumVisualStudioVersion = 10.0.40219.1
Project("{9A19103F-16F7-4668-BE54-9A1E7A4F7556}") = "Bai1", "Bai1\Bai1.csproj", "{44CD83BF-BCCF-4BAF-89DC-76B34257DB27}"
EndProject
Global
	GlobalSection(SolutionConfigurationPlatforms) = preSolution
		Debug|Any CPU = Debug|Any CPU
		Release|Any CPU = Release|Any CPU
	EndGlobalSection
	GlobalSection(ProjectConfigurationPlatforms) = postSolution
		{44CD83BF-BCCF-4BAF-89DC-76B34257DB27}.Debug|Any CPU.ActiveCfg = Debug|Any CPU
		{44CD83BF-BCCF-4BAF-89DC-76B34257DB27}.Debug|Any CPU.Build.0 = Debug|Any CPU
		{44CD83BF-BCCF-4BAF-89DC-76B34257DB27}.Release|Any CPU.ActiveCfg = Release|Any CPU
		{44CD83BF-BCCF-4BAF-89DC-76B34257DB27}.Release|Any CPU.Build.0 = Release|Any CPU
	EndGlobalSection
	GlobalSection(SolutionProperties) = preSolution
		HideSolutionNode = FALSE
	EndGlobalSection
	GlobalSection(ExtensibilityGlobals) = postSolution
		SolutionGuid = {74CE5CFC-8E91-4109-AFAC-47BF65CE18AE}
	EndGlobalSection
EndGlobal
